version = 1
requires-python = ">=3.11.11"

[[package]]
name = "cursor"
version = "0.1.0"
source = { editable = "." }
dependencies = [
    { name = "uv" },
]

[package.metadata]
requires-dist = [{ name = "uv", specifier = ">=0.1.0" }]

[[package]]
name = "uv"
version = "0.6.11"
source = { registry = "https://pypi.org/simple" }
sdist = { url = "https://files.pythonhosted.org/packages/3c/bf/ad296aa142160459fa4f2f6100a2d3a672212c275346ed3a52b99a37ee65/uv-0.6.11.tar.gz", hash = "sha256:15356a53c4bca7f3d1cbf15321a864ed97b58da16c666261f5869115f87fcb04", size = 3119444 }
wheels = [
    { url = "https://files.pythonhosted.org/packages/9b/aa/e6d3d1c03587b42f9075657234468025f23e10ade68f8db4d7ab473c06bd/uv-0.6.11-py3-none-linux_armv6l.whl", hash = "sha256:5dcf349398a45778fda7677723270158e6c6596e9a49b85f8d7146c50823dd2d", size = 15952567 },
    { url = "https://files.pythonhosted.org/packages/2e/89/31140f76b8a33a58c2fd2eb6f5d19101b28f82ec2d28333c8423f9c39af7/uv-0.6.11-py3-none-macosx_10_12_x86_64.whl", hash = "sha256:1a861070b06e749c4e53e5e370df6f337ac567e017fe6c10d5b9a48cc6317033", size = 16111150 },
    { url = "https://files.pythonhosted.org/packages/6a/c7/564d3398809645e3894c7f9d9baa32d3d700bc458f7d3f893d4589b34f31/uv-0.6.11-py3-none-macosx_11_0_arm64.whl", hash = "sha256:43af64b66ea1d26ce6c7836caaf61e5d44b3d2025cdee3fc1b8f33a5067cb6fa", size = 14916272 },
    { url = "https://files.pythonhosted.org/packages/2f/cb/7bada86750024535592233c62f065da660e39022b0d209828b29e08fdc61/uv-0.6.11-py3-none-manylinux_2_17_aarch64.manylinux2014_aarch64.musllinux_1_1_aarch64.whl", hash = "sha256:5d4125fddfd42c7691309cc16f2c7f3be6dbcdb61804596756188223f459a25e", size = 15369132 },
    { url = "https://files.pythonhosted.org/packages/13/43/c2d9ce59291fc4cf8c44b04223962bce6130594902a0e842c66d54d2c712/uv-0.6.11-py3-none-manylinux_2_17_armv7l.manylinux2014_armv7l.whl", hash = "sha256:11e979e95a0cfed1b6de96d16f772aa027359642953fa329c7fcf88e7468170a", size = 15697050 },
    { url = "https://files.pythonhosted.org/packages/ab/23/2248fa90948486d610e7c2a7b7950a80b44463122b740191790057733c67/uv-0.6.11-py3-none-manylinux_2_17_i686.manylinux2014_i686.whl", hash = "sha256:90ed73a0f4b4930fe310b9dc0c6348da37ec5c6026ddcd750868b516ad6abace", size = 16460088 },
    { url = "https://files.pythonhosted.org/packages/d8/d0/e5c5b93f547bbe2c498632cefbc4da2c6c764c3d53a9fd3b2764dc7c751b/uv-0.6.11-py3-none-manylinux_2_17_ppc64.manylinux2014_ppc64.whl", hash = "sha256:94cf32e334329ec2db1704706c6ffb7b58edafb95a63499440327f1df2e0d30e", size = 17302986 },
    { url = "https://files.pythonhosted.org/packages/e1/74/679b112e5e55a291a9135d396daf74630e28a799b4e111fd069476ed0961/uv-0.6.11-py3-none-manylinux_2_17_ppc64le.manylinux2014_ppc64le.whl", hash = "sha256:7dc1df62322c03c2aee465e4f3f28ef7b3c6a948c2c79fde85651d8bccfc303c", size = 17063804 },
    { url = "https://files.pythonhosted.org/packages/7f/97/b410f85e704773309241973401203926569f828fe8292b6ae25e7fe871c3/uv-0.6.11-py3-none-manylinux_2_17_s390x.manylinux2014_s390x.whl", hash = "sha256:b8c43a85ca2aa429b13a5abde9abae2c58e0189ebc76d7d214b94e667f7d44e2", size = 21317299 },
    { url = "https://files.pythonhosted.org/packages/ff/5d/b13b3a7dbff2f58e1b0fe0f2e8ae5a665e9fb938f66fdb25b99deacb9f5a/uv-0.6.11-py3-none-manylinux_2_17_x86_64.manylinux2014_x86_64.whl", hash = "sha256:6f3c2adb80f0b93ad312daff7ebb1bf4b26456d7d35a1687827ed03f11d238d7", size = 16756723 },
    { url = "https://files.pythonhosted.org/packages/d4/6e/4e5db3258f26eeaef864c8d91938656134a2c1f9b3096dbbe3582be6ab2f/uv-0.6.11-py3-none-manylinux_2_28_aarch64.whl", hash = "sha256:aed91b596d85277342c9252288d8e3e2b39111b28ac947caa1c540c903797496", size = 15632470 },
    { url = "https://files.pythonhosted.org/packages/50/ad/0ab8e563e496a40007fcbed4e1bdcd31cbfd0cfc726a18a027590387d491/uv-0.6.11-py3-none-musllinux_1_1_armv7l.whl", hash = "sha256:c0a657830850e4ade1d2185ac66dad39015d0bd17c555c274eb00a73e0644fc4", size = 15653135 },
    { url = "https://files.pythonhosted.org/packages/86/55/fc4da876cec3b579aa3c508bc74e4ab47fe13908f504fb4dea5aed7e2488/uv-0.6.11-py3-none-musllinux_1_1_i686.whl", hash = "sha256:6b4248984a30843fbff8eedc846bb64ba3cebb417378fd04bc29e7273eeca022", size = 16017597 },
    { url = "https://files.pythonhosted.org/packages/4f/a5/fae7373d07c788602b1535b96fde763e67ecc30963ce43b398f4771619f5/uv-0.6.11-py3-none-musllinux_1_1_x86_64.whl", hash = "sha256:473dbe1d3fb53b08090f2c0f05ca46c85b1eadd134496338e167b2cc94e0aae2", size = 16870461 },
    { url = "https://files.pythonhosted.org/packages/c1/6f/bbcb37f9dbd3f4ebe589cefbfb99798fdf75fa51a8da8c43b04ec5e2755b/uv-0.6.11-py3-none-win32.whl", hash = "sha256:0222e801be2e923787118f7cf2d0530dec016666ce07729215055aac24898899", size = 16075417 },
    { url = "https://files.pythonhosted.org/packages/d4/48/74771422fefebaae40bb6db615a378576f7eb568ca1e60220a00da2c57c8/uv-0.6.11-py3-none-win_amd64.whl", hash = "sha256:b9aebfd86bb9f8e4ed9a7d89d65b8b84ccd6d98061e1ebbaa96f8e6ee4632f10", size = 17560705 },
    { url = "https://files.pythonhosted.org/packages/42/b4/b1c6d7677ad78b0b08593c61da25cd2504cc2fd382a9a50a40d3e4245233/uv-0.6.11-py3-none-win_arm64.whl", hash = "sha256:baeb89b285f6a16bce390d81005b877c89600b0bfe1fc24895984efd117fa597", size = 16330881 },
]
